// !$*UTF8*$!
{
	archiveVersion = 1;
	classes = {
	};
	objectVersion = 46;
	objects = {

/* Begin PBXBuildFile section */
		3F928CA8961E4EAE8E5BFC22 /* CoreGraphics.framework in Frameworks */ = {isa = PBXBuildFile; fileRef = 79295AEF370F4DDCB7FFD110 /* CoreGraphics.framework */; };
		7E827D0C62F748FFA2883D45 /* CoreData.framework in Frameworks */ = {isa = PBXBuildFile; fileRef = 1FFAAC9C6150493DA44D1979 /* CoreData.framework */; };
		B14DF88B3F7B4CBEA2451E82 /* QuartzCore.framework in Frameworks */ = {isa = PBXBuildFile; fileRef = 94309122BADB4D32A86F90B8 /* QuartzCore.framework */; };
		CDF368BB924A42F0BCC4B9BE /* Foundation.framework in Frameworks */ = {isa = PBXBuildFile; fileRef = 1FC3F4A929044AF1A67D7474 /* Foundation.framework */; };
		FE203E331A3C41148FEDCB07 /* Stubs.m in Sources */ = {isa = PBXBuildFile; fileRef = 6F3D18D2F68046E699F8F2D2 /* Stubs.m */; };
/* End PBXBuildFile section */

/* Begin PBXCopyFilesBuildPhase section */
		7AD84DCACC294216B2BF3A73 /* CopyFiles */ = {
			isa = PBXCopyFilesBuildPhase;
			buildActionMask = 2147483647;
			dstPath = "$(PRODUCT_NAME)";
			dstSubfolderSpec = 16;
			files = (
			);
			runOnlyForDeploymentPostprocessing = 0;
		};
/* End PBXCopyFilesBuildPhase section */

/* Begin PBXFileReference section */
		1FC3F4A929044AF1A67D7474 /* Foundation.framework */ = {isa = PBXFileReference; includeInIndex = 1; lastKnownFileType = wrapper.framework; name = Foundation.framework; path = System/Library/Frameworks/Foundation.framework; sourceTree = SDKROOT; };
		1FFAAC9C6150493DA44D1979 /* CoreData.framework */ = {isa = PBXFileReference; includeInIndex = 1; lastKnownFileType = wrapper.framework; name = CoreData.framework; path = System/Library/Frameworks/CoreData.framework; sourceTree = SDKROOT; };
		58EE9D0350DA4B12B160F75C /* Stubs.h */ = {isa = PBXFileReference; includeInIndex = 1; lastKnownFileType = sourcecode.c.h; path = Stubs.h; sourceTree = "<group>"; };
		6F3D18D2F68046E699F8F2D2 /* Stubs.m */ = {isa = PBXFileReference; includeInIndex = 1; lastKnownFileType = sourcecode.c.objc; path = Stubs.m; sourceTree = "<group>"; };
		79295AEF370F4DDCB7FFD110 /* CoreGraphics.framework */ = {isa = PBXFileReference; includeInIndex = 1; lastKnownFileType = wrapper.framework; name = CoreGraphics.framework; path = System/Library/Frameworks/CoreGraphics.framework; sourceTree = SDKROOT; };
		94309122BADB4D32A86F90B8 /* QuartzCore.framework */ = {isa = PBXFileReference; includeInIndex = 1; lastKnownFileType = wrapper.framework; name = QuartzCore.framework; path = System/Library/Frameworks/QuartzCore.framework; sourceTree = SDKROOT; };
		B7E8DC06FBC04238BD6C30D0 /* libui.a */ = {isa = PBXFileReference; explicitFileType = archive.ar; includeInIndex = 0; path = libui.a; sourceTree = BUILT_PRODUCTS_DIR; };
		D700B4A71623D813003358C1 /* Storyboard.storyboard */ = {isa = PBXFileReference; fileEncoding = 4; lastKnownFileType = file.storyboard; path = Storyboard.storyboard; sourceTree = "<group>"; };
/* End PBXFileReference section */

/* Begin PBXFrameworksBuildPhase section */
		8B1DE90F3D40450585980A1B /* Frameworks */ = {
			isa = PBXFrameworksBuildPhase;
			buildActionMask = 2147483647;
			files = (
				CDF368BB924A42F0BCC4B9BE /* Foundation.framework in Frameworks */,
				B14DF88B3F7B4CBEA2451E82 /* QuartzCore.framework in Frameworks */,
				3F928CA8961E4EAE8E5BFC22 /* CoreGraphics.framework in Frameworks */,
				7E827D0C62F748FFA2883D45 /* CoreData.framework in Frameworks */,
			);
			runOnlyForDeploymentPostprocessing = 0;
		};
/* End PBXFrameworksBuildPhase section */

/* Begin PBXGroup section */
		1814FBC7F32740AF9751CEFD /* Pods */ = {
			isa = PBXGroup;
			children = (
			);
			name = Pods;
			sourceTree = "<group>";
		};
		29491DA2AA0146A7B9FEFF8B /* Frameworks */ = {
			isa = PBXGroup;
			children = (
				1FC3F4A929044AF1A67D7474 /* Foundation.framework */,
				94309122BADB4D32A86F90B8 /* QuartzCore.framework */,
				79295AEF370F4DDCB7FFD110 /* CoreGraphics.framework */,
				1FFAAC9C6150493DA44D1979 /* CoreData.framework */,
			);
			name = Frameworks;
			sourceTree = "<group>";
		};
		376DA49BF966458D9362E5A8 /* Resources */ = {
			isa = PBXGroup;
			children = (
				D700B4A71623D813003358C1 /* Storyboard.storyboard */,
			);
			name = Resources;
			path = resources;
			sourceTree = "<group>";
		};
		85EFAD9D3F0C4542A3700468 /* Products */ = {
			isa = PBXGroup;
			children = (
				B7E8DC06FBC04238BD6C30D0 /* libui.a */,
			);
			name = Products;
			sourceTree = "<group>";
		};
		B344CC1EDBD8492F8A98B98B = {
			isa = PBXGroup;
			children = (
				85EFAD9D3F0C4542A3700468 /* Products */,
				29491DA2AA0146A7B9FEFF8B /* Frameworks */,
				376DA49BF966458D9362E5A8 /* Resources */,
				DDB35B7128BB4BCD855D1AC7 /* Supporting Files */,
				1814FBC7F32740AF9751CEFD /* Pods */,
			);
			sourceTree = "<group>";
		};
		DDB35B7128BB4BCD855D1AC7 /* Supporting Files */ = {
			isa = PBXGroup;
			children = (
				58EE9D0350DA4B12B160F75C /* Stubs.h */,
				6F3D18D2F68046E699F8F2D2 /* Stubs.m */,
			);
			name = "Supporting Files";
			path = ui.xcodeproj;
			sourceTree = "<group>";
		};
/* End PBXGroup section */

/* Begin PBXNativeTarget section */
		FDB0CC1028CC46888A07BB67 /* ui */ = {
			isa = PBXNativeTarget;
			buildConfigurationList = 1AEFFFA96FF14EB9BF5EEEF3 /* Build configuration list for PBXNativeTarget "ui" */;
			buildPhases = (
				0D4D0729A6E84345B94229DF /* Sources */,
				7AD84DCACC294216B2BF3A73 /* CopyFiles */,
				8B1DE90F3D40450585980A1B /* Frameworks */,
			);
			buildRules = (
			);
			dependencies = (
			);
			name = ui;
			productName = ui;
			productReference = B7E8DC06FBC04238BD6C30D0 /* libui.a */;
			productType = "com.apple.product-type.library.static";
		};
/* End PBXNativeTarget section */

/* Begin PBXProject section */
		8DB931F91AE448448787E344 /* Project object */ = {
			isa = PBXProject;
			attributes = {
				LastUpgradeCheck = 0420;
			};
			buildConfigurationList = 86F0B2C45DA24351BDF95B50 /* Build configuration list for PBXProject "ui" */;
			compatibilityVersion = "Xcode 3.2";
			developmentRegion = English;
			hasScannedForEncodings = 0;
			knownRegions = (
				en,
			);
			mainGroup = B344CC1EDBD8492F8A98B98B;
			productRefGroup = 85EFAD9D3F0C4542A3700468 /* Products */;
			projectDirPath = "";
			projectRoot = "";
			targets = (
				FDB0CC1028CC46888A07BB67 /* ui */,
			);
		};
/* End PBXProject section */

/* Begin PBXSourcesBuildPhase section */
		0D4D0729A6E84345B94229DF /* Sources */ = {
			isa = PBXSourcesBuildPhase;
			buildActionMask = 2147483647;
			files = (
				FE203E331A3C41148FEDCB07 /* Stubs.m in Sources */,
			);
			runOnlyForDeploymentPostprocessing = 0;
		};
/* End PBXSourcesBuildPhase section */

/* Begin XCBuildConfiguration section */
		8FE1C5DCB5F74FEBAABF47B4 /* Release */ = {
			isa = XCBuildConfiguration;
			buildSettings = {
			};
			name = Release;
		};
		D47224CA9442461E97BEACAD /* Debug */ = {
			isa = XCBuildConfiguration;
			buildSettings = {
			};
			name = Debug;
		};
		DDEEDB6451D64384980F03D3 /* Debug */ = {
			isa = XCBuildConfiguration;
			buildSettings = {
				ALWAYS_SEARCH_USER_PATHS = NO;
				ARCHS = "$(ARCHS_STANDARD_32_BIT)";
				COPY_PHASE_STRIP = NO;
				DSTROOT = /tmp/xcodeproj.dst;
				GCC_C_LANGUAGE_STANDARD = gnu99;
				GCC_DYNAMIC_NO_PIC = NO;
				GCC_OPTIMIZATION_LEVEL = 0;
				GCC_PRECOMPILE_PREFIX_HEADER = YES;
				GCC_PREPROCESSOR_DEFINITIONS = (
					"DEBUG=1",
					"$(inherited)",
				);
				GCC_SYMBOLS_PRIVATE_EXTERN = NO;
				GCC_VERSION = com.apple.compilers.llvm.clang.1_0;
				INSTALL_PATH = "$(BUILT_PRODUCTS_DIR)";
				IPHONEOS_DEPLOYMENT_TARGET = 4.3;
				OTHER_LDFLAGS = "";
				PRODUCT_NAME = "$(TARGET_NAME)";
				PUBLIC_HEADERS_FOLDER_PATH = "$(TARGET_NAME)";
				SDKROOT = iphoneos;
				SKIP_INSTALL = YES;
			};
			name = Debug;
		};
		ECBAD8D6F7824DFCAA5BDE1A /* Release */ = {
			isa = XCBuildConfiguration;
			buildSettings = {
				ALWAYS_SEARCH_USER_PATHS = NO;
				ARCHS = "$(ARCHS_STANDARD_32_BIT)";
				COPY_PHASE_STRIP = YES;
				DSTROOT = /tmp/xcodeproj.dst;
				GCC_C_LANGUAGE_STANDARD = gnu99;
				GCC_PRECOMPILE_PREFIX_HEADER = YES;
				GCC_VERSION = com.apple.compilers.llvm.clang.1_0;
				INSTALL_PATH = "$(BUILT_PRODUCTS_DIR)";
				IPHONEOS_DEPLOYMENT_TARGET = 4.3;
				OTHER_LDFLAGS = "";
				PRODUCT_NAME = "$(TARGET_NAME)";
				PUBLIC_HEADERS_FOLDER_PATH = "$(TARGET_NAME)";
				SDKROOT = iphoneos;
				SKIP_INSTALL = YES;
				VALIDATE_PRODUCT = YES;
			};
			name = Release;
		};
/* End XCBuildConfiguration section */

/* Begin XCConfigurationList section */
		1AEFFFA96FF14EB9BF5EEEF3 /* Build configuration list for PBXNativeTarget "ui" */ = {
			isa = XCConfigurationList;
			buildConfigurations = (
				DDEEDB6451D64384980F03D3 /* Debug */,
				ECBAD8D6F7824DFCAA5BDE1A /* Release */,
			);
			defaultConfigurationIsVisible = 0;
			defaultConfigurationName = Release;
		};
		86F0B2C45DA24351BDF95B50 /* Build configuration list for PBXProject "ui" */ = {
			isa = XCConfigurationList;
			buildConfigurations = (
				D47224CA9442461E97BEACAD /* Debug */,
				8FE1C5DCB5F74FEBAABF47B4 /* Release */,
			);
			defaultConfigurationIsVisible = 0;
			defaultConfigurationName = Release;
		};
/* End XCConfigurationList section */
	};
	rootObject = 8DB931F91AE448448787E344 /* Project object */;
}
